
Microsoft Visual Studio Solution File, Format Version 12.00
# Visual Studio Version 17
VisualStudioVersion = 17.0.31903.59
MinimumVisualStudioVersion = 10.0.40219.1
Project("{9A19103F-16F7-4668-BE54-9A1E7A4F7556}") = "WebApi", "WebApi\WebApi.csproj", "{585775DA-CB84-4E68-9910-D02FBBB8B2B7}"
EndProject
Project("{2150E333-8FDC-42A3-9474-1A3956D46DE8}") = "Features", "Features", "{B39D7A08-C7A7-437E-BD2E-652E5A503B45}"
EndProject
Project("{2150E333-8FDC-42A3-9474-1A3956D46DE8}") = "Presentation", "Presentation", "{FAFB8B32-7214-48AF-9331-59EA201AA75A}"
EndProject
Project("{9A19103F-16F7-4668-BE54-9A1E7A4F7556}") = "Core", "Core\Core.csproj", "{0D879F74-AACA-4397-AC32-FD4FEA7199DF}"
EndProject
Project("{9A19103F-16F7-4668-BE54-9A1E7A4F7556}") = "Worker", "Worker\Worker.csproj", "{2322E411-F587-4C24-9FC1-83ABF168853C}"
EndProject
Project("{9A19103F-16F7-4668-BE54-9A1E7A4F7556}") = "Auth", "Auth\Auth.csproj", "{CC5910D1-5FBF-4B8C-83FA-A40D5A5ACD45}"
EndProject
Project("{2150E333-8FDC-42A3-9474-1A3956D46DE8}") = "Tests", "Tests", "{588F1E45-AB8A-4663-95C0-B99154122AE4}"
EndProject
Project("{9A19103F-16F7-4668-BE54-9A1E7A4F7556}") = "TestsBase", "TestsBase\TestsBase.csproj", "{17E086CD-5571-49B1-BAE4-B52958394489}"
EndProject
Project("{9A19103F-16F7-4668-BE54-9A1E7A4F7556}") = "AuthTests", "AuthTests\AuthTests.csproj", "{26D081DE-7E04-43A9-85DF-E348253BD505}"
EndProject
Project("{9A19103F-16F7-4668-BE54-9A1E7A4F7556}") = "Donate", "Donate\Donate.csproj", "{52603855-00A3-473E-B890-C99D9C344D09}"
EndProject
Project("{9A19103F-16F7-4668-BE54-9A1E7A4F7556}") = "DonateTests", "DonateTests\DonateTests.csproj", "{95563EC6-EED2-4A9B-8009-54AE0ABCB8D1}"
EndProject
Project("{9A19103F-16F7-4668-BE54-9A1E7A4F7556}") = "CoreTests", "CoreTests\CoreTests.csproj", "{D3E34DEC-526E-485F-862C-E08939AFCD0F}"
EndProject
Global
	GlobalSection(SolutionConfigurationPlatforms) = preSolution
		Debug|Any CPU = Debug|Any CPU
		Release|Any CPU = Release|Any CPU
	EndGlobalSection
	GlobalSection(ProjectConfigurationPlatforms) = postSolution
		{585775DA-CB84-4E68-9910-D02FBBB8B2B7}.Debug|Any CPU.ActiveCfg = Debug|Any CPU
		{585775DA-CB84-4E68-9910-D02FBBB8B2B7}.Debug|Any CPU.Build.0 = Debug|Any CPU
		{585775DA-CB84-4E68-9910-D02FBBB8B2B7}.Release|Any CPU.ActiveCfg = Release|Any CPU
		{585775DA-CB84-4E68-9910-D02FBBB8B2B7}.Release|Any CPU.Build.0 = Release|Any CPU
		{0D879F74-AACA-4397-AC32-FD4FEA7199DF}.Debug|Any CPU.ActiveCfg = Debug|Any CPU
		{0D879F74-AACA-4397-AC32-FD4FEA7199DF}.Debug|Any CPU.Build.0 = Debug|Any CPU
		{0D879F74-AACA-4397-AC32-FD4FEA7199DF}.Release|Any CPU.ActiveCfg = Release|Any CPU
		{0D879F74-AACA-4397-AC32-FD4FEA7199DF}.Release|Any CPU.Build.0 = Release|Any CPU
		{2322E411-F587-4C24-9FC1-83ABF168853C}.Debug|Any CPU.ActiveCfg = Debug|Any CPU
		{2322E411-F587-4C24-9FC1-83ABF168853C}.Debug|Any CPU.Build.0 = Debug|Any CPU
		{2322E411-F587-4C24-9FC1-83ABF168853C}.Release|Any CPU.ActiveCfg = Release|Any CPU
		{2322E411-F587-4C24-9FC1-83ABF168853C}.Release|Any CPU.Build.0 = Release|Any CPU
		{CC5910D1-5FBF-4B8C-83FA-A40D5A5ACD45}.Debug|Any CPU.ActiveCfg = Debug|Any CPU
		{CC5910D1-5FBF-4B8C-83FA-A40D5A5ACD45}.Debug|Any CPU.Build.0 = Debug|Any CPU
		{CC5910D1-5FBF-4B8C-83FA-A40D5A5ACD45}.Release|Any CPU.ActiveCfg = Release|Any CPU
		{CC5910D1-5FBF-4B8C-83FA-A40D5A5ACD45}.Release|Any CPU.Build.0 = Release|Any CPU
		{17E086CD-5571-49B1-BAE4-B52958394489}.Debug|Any CPU.ActiveCfg = Debug|Any CPU
		{17E086CD-5571-49B1-BAE4-B52958394489}.Debug|Any CPU.Build.0 = Debug|Any CPU
		{17E086CD-5571-49B1-BAE4-B52958394489}.Release|Any CPU.ActiveCfg = Release|Any CPU
		{17E086CD-5571-49B1-BAE4-B52958394489}.Release|Any CPU.Build.0 = Release|Any CPU
		{26D081DE-7E04-43A9-85DF-E348253BD505}.Debug|Any CPU.ActiveCfg = Debug|Any CPU
		{26D081DE-7E04-43A9-85DF-E348253BD505}.Debug|Any CPU.Build.0 = Debug|Any CPU
		{26D081DE-7E04-43A9-85DF-E348253BD505}.Release|Any CPU.ActiveCfg = Release|Any CPU
		{26D081DE-7E04-43A9-85DF-E348253BD505}.Release|Any CPU.Build.0 = Release|Any CPU
		{52603855-00A3-473E-B890-C99D9C344D09}.Debug|Any CPU.ActiveCfg = Debug|Any CPU
		{52603855-00A3-473E-B890-C99D9C344D09}.Debug|Any CPU.Build.0 = Debug|Any CPU
		{52603855-00A3-473E-B890-C99D9C344D09}.Release|Any CPU.ActiveCfg = Release|Any CPU
		{52603855-00A3-473E-B890-C99D9C344D09}.Release|Any CPU.Build.0 = Release|Any CPU
		{95563EC6-EED2-4A9B-8009-54AE0ABCB8D1}.Debug|Any CPU.ActiveCfg = Debug|Any CPU
		{95563EC6-EED2-4A9B-8009-54AE0ABCB8D1}.Debug|Any CPU.Build.0 = Debug|Any CPU
		{95563EC6-EED2-4A9B-8009-54AE0ABCB8D1}.Release|Any CPU.ActiveCfg = Release|Any CPU
		{95563EC6-EED2-4A9B-8009-54AE0ABCB8D1}.Release|Any CPU.Build.0 = Release|Any CPU
		{D3E34DEC-526E-485F-862C-E08939AFCD0F}.Debug|Any CPU.ActiveCfg = Debug|Any CPU
		{D3E34DEC-526E-485F-862C-E08939AFCD0F}.Debug|Any CPU.Build.0 = Debug|Any CPU
		{D3E34DEC-526E-485F-862C-E08939AFCD0F}.Release|Any CPU.ActiveCfg = Release|Any CPU
		{D3E34DEC-526E-485F-862C-E08939AFCD0F}.Release|Any CPU.Build.0 = Release|Any CPU
	EndGlobalSection
	GlobalSection(SolutionProperties) = preSolution
		HideSolutionNode = FALSE
	EndGlobalSection
	GlobalSection(NestedProjects) = preSolution
		{585775DA-CB84-4E68-9910-D02FBBB8B2B7} = {FAFB8B32-7214-48AF-9331-59EA201AA75A}
		{2322E411-F587-4C24-9FC1-83ABF168853C} = {FAFB8B32-7214-48AF-9331-59EA201AA75A}
		{CC5910D1-5FBF-4B8C-83FA-A40D5A5ACD45} = {B39D7A08-C7A7-437E-BD2E-652E5A503B45}
		{17E086CD-5571-49B1-BAE4-B52958394489} = {588F1E45-AB8A-4663-95C0-B99154122AE4}
		{26D081DE-7E04-43A9-85DF-E348253BD505} = {588F1E45-AB8A-4663-95C0-B99154122AE4}
		{52603855-00A3-473E-B890-C99D9C344D09} = {B39D7A08-C7A7-437E-BD2E-652E5A503B45}
		{95563EC6-EED2-4A9B-8009-54AE0ABCB8D1} = {588F1E45-AB8A-4663-95C0-B99154122AE4}
		{D3E34DEC-526E-485F-862C-E08939AFCD0F} = {588F1E45-AB8A-4663-95C0-B99154122AE4}
	EndGlobalSection
	GlobalSection(ExtensibilityGlobals) = postSolution
		SolutionGuid = {A1B77AE0-72B6-4B87-B604-2CCBF892A369}
	EndGlobalSection
EndGlobal
