
Microsoft Visual Studio Solution File, Format Version 12.00
# Visual Studio Version 17
VisualStudioVersion = 17.0.31903.59
MinimumVisualStudioVersion = 10.0.40219.1
Project("{9A19103F-16F7-4668-BE54-9A1E7A4F7556}") = "WebApi", "WebApi\WebApi.csproj", "{585775DA-CB84-4E68-9910-D02FBBB8B2B7}"
EndProject
Project("{2150E333-8FDC-42A3-9474-1A3956D46DE8}") = "Services", "Services", "{B39D7A08-C7A7-437E-BD2E-652E5A503B45}"
EndProject
Project("{2150E333-8FDC-42A3-9474-1A3956D46DE8}") = "Presentation", "Presentation", "{FAFB8B32-7214-48AF-9331-59EA201AA75A}"
EndProject
Project("{9A19103F-16F7-4668-BE54-9A1E7A4F7556}") = "Core", "Core\Core.csproj", "{0D879F74-AACA-4397-AC32-FD4FEA7199DF}"
EndProject
Project("{9A19103F-16F7-4668-BE54-9A1E7A4F7556}") = "Worker", "Worker\Worker.csproj", "{2322E411-F587-4C24-9FC1-83ABF168853C}"
EndProject
Project("{FAE04EC0-301F-11D3-BF4B-00C04F79EFBC}") = "AuthService", "AuthModule\AuthService.csproj", "{CC5910D1-5FBF-4B8C-83FA-A40D5A5ACD45}"
EndProject
Global
	GlobalSection(SolutionConfigurationPlatforms) = preSolution
		Debug|Any CPU = Debug|Any CPU
		Release|Any CPU = Release|Any CPU
	EndGlobalSection
	GlobalSection(ProjectConfigurationPlatforms) = postSolution
		{585775DA-CB84-4E68-9910-D02FBBB8B2B7}.Debug|Any CPU.ActiveCfg = Debug|Any CPU
		{585775DA-CB84-4E68-9910-D02FBBB8B2B7}.Debug|Any CPU.Build.0 = Debug|Any CPU
		{585775DA-CB84-4E68-9910-D02FBBB8B2B7}.Release|Any CPU.ActiveCfg = Release|Any CPU
		{585775DA-CB84-4E68-9910-D02FBBB8B2B7}.Release|Any CPU.Build.0 = Release|Any CPU
		{0D879F74-AACA-4397-AC32-FD4FEA7199DF}.Debug|Any CPU.ActiveCfg = Debug|Any CPU
		{0D879F74-AACA-4397-AC32-FD4FEA7199DF}.Debug|Any CPU.Build.0 = Debug|Any CPU
		{0D879F74-AACA-4397-AC32-FD4FEA7199DF}.Release|Any CPU.ActiveCfg = Release|Any CPU
		{0D879F74-AACA-4397-AC32-FD4FEA7199DF}.Release|Any CPU.Build.0 = Release|Any CPU
		{2322E411-F587-4C24-9FC1-83ABF168853C}.Debug|Any CPU.ActiveCfg = Debug|Any CPU
		{2322E411-F587-4C24-9FC1-83ABF168853C}.Debug|Any CPU.Build.0 = Debug|Any CPU
		{2322E411-F587-4C24-9FC1-83ABF168853C}.Release|Any CPU.ActiveCfg = Release|Any CPU
		{2322E411-F587-4C24-9FC1-83ABF168853C}.Release|Any CPU.Build.0 = Release|Any CPU
		{CC5910D1-5FBF-4B8C-83FA-A40D5A5ACD45}.Debug|Any CPU.ActiveCfg = Debug|Any CPU
		{CC5910D1-5FBF-4B8C-83FA-A40D5A5ACD45}.Debug|Any CPU.Build.0 = Debug|Any CPU
		{CC5910D1-5FBF-4B8C-83FA-A40D5A5ACD45}.Release|Any CPU.ActiveCfg = Release|Any CPU
		{CC5910D1-5FBF-4B8C-83FA-A40D5A5ACD45}.Release|Any CPU.Build.0 = Release|Any CPU
	EndGlobalSection
	GlobalSection(SolutionProperties) = preSolution
		HideSolutionNode = FALSE
	EndGlobalSection
	GlobalSection(NestedProjects) = preSolution
		{585775DA-CB84-4E68-9910-D02FBBB8B2B7} = {FAFB8B32-7214-48AF-9331-59EA201AA75A}
		{2322E411-F587-4C24-9FC1-83ABF168853C} = {FAFB8B32-7214-48AF-9331-59EA201AA75A}
		{CC5910D1-5FBF-4B8C-83FA-A40D5A5ACD45} = {B39D7A08-C7A7-437E-BD2E-652E5A503B45}
	EndGlobalSection
	GlobalSection(ExtensibilityGlobals) = postSolution
		SolutionGuid = {A1B77AE0-72B6-4B87-B604-2CCBF892A369}
	EndGlobalSection
EndGlobal
